
Microsoft Visual Studio Solution File, Format Version 12.00
# Visual Studio Version 17
VisualStudioVersion = 17.7.34031.279
MinimumVisualStudioVersion = 10.0.40219.1
Project("{FAE04EC0-301F-11D3-BF4B-00C04F79EFBC}") = "RenPyTranslateSupport", "RenPyTranslateSupport\RenPyTranslateSupport.csproj", "{07B07EF0-678E-423C-9641-272DFA65EFCA}"
EndProject
Global
	GlobalSection(SolutionConfigurationPlatforms) = preSolution
		Debug|Any CPU = Debug|Any CPU
		Release|Any CPU = Release|Any CPU
	EndGlobalSection
	GlobalSection(ProjectConfigurationPlatforms) = postSolution
		{07B07EF0-678E-423C-9641-272DFA65EFCA}.Debug|Any CPU.ActiveCfg = Debug|Any CPU
		{07B07EF0-678E-423C-9641-272DFA65EFCA}.Debug|Any CPU.Build.0 = Debug|Any CPU
		{07B07EF0-678E-423C-9641-272DFA65EFCA}.Release|Any CPU.ActiveCfg = Release|Any CPU
		{07B07EF0-678E-423C-9641-272DFA65EFCA}.Release|Any CPU.Build.0 = Release|Any CPU
	EndGlobalSection
	GlobalSection(SolutionProperties) = preSolution
		HideSolutionNode = FALSE
	EndGlobalSection
	GlobalSection(ExtensibilityGlobals) = postSolution
		SolutionGuid = {CB5622C2-F28E-4922-AE52-34B02416142D}
	EndGlobalSection
EndGlobal
